// !$*UTF8*$!
{
	archiveVersion = 1;
	classes = {
	};
	objectVersion = 56;
	objects = {

/* Begin PBXBuildFile section */
		78BE3D702A8EC3E800E73E7B /* Constants.swift in Sources */ = {isa = PBXBuildFile; fileRef = 78BE3D6F2A8EC3E700E73E7B /* Constants.swift */; };
		78BE3D722A8F761D00E73E7B /* Extension++Foundation.swift in Sources */ = {isa = PBXBuildFile; fileRef = 78BE3D712A8F761C00E73E7B /* Extension++Foundation.swift */; };
		78E582FC2A8DFE5E00E053EA /* AppDelegate.swift in Sources */ = {isa = PBXBuildFile; fileRef = 78E582FB2A8DFE5E00E053EA /* AppDelegate.swift */; };
		78E582FE2A8DFE5E00E053EA /* SceneDelegate.swift in Sources */ = {isa = PBXBuildFile; fileRef = 78E582FD2A8DFE5E00E053EA /* SceneDelegate.swift */; };
		78E583032A8DFE5E00E053EA /* Main.storyboard in Resources */ = {isa = PBXBuildFile; fileRef = 78E583012A8DFE5E00E053EA /* Main.storyboard */; };
		78E583052A8DFE5F00E053EA /* Assets.xcassets in Resources */ = {isa = PBXBuildFile; fileRef = 78E583042A8DFE5F00E053EA /* Assets.xcassets */; };
		78E583082A8DFE5F00E053EA /* LaunchScreen.storyboard in Resources */ = {isa = PBXBuildFile; fileRef = 78E583062A8DFE5F00E053EA /* LaunchScreen.storyboard */; };
		78E583132A8DFF9300E053EA /* Category.swift in Sources */ = {isa = PBXBuildFile; fileRef = 78E583122A8DFF9300E053EA /* Category.swift */; };
		78E583152A8E019C00E053EA /* APIManager.swift in Sources */ = {isa = PBXBuildFile; fileRef = 78E583142A8E019C00E053EA /* APIManager.swift */; };
		78E583172A8E065200E053EA /* DataParser.swift in Sources */ = {isa = PBXBuildFile; fileRef = 78E583162A8E065200E053EA /* DataParser.swift */; };
		78E583192A8E07B600E053EA /* NetworkError.swift in Sources */ = {isa = PBXBuildFile; fileRef = 78E583182A8E07B600E053EA /* NetworkError.swift */; };
		78E5831B2A8E087F00E053EA /* RequestManager.swift in Sources */ = {isa = PBXBuildFile; fileRef = 78E5831A2A8E087F00E053EA /* RequestManager.swift */; };
		78E5831E2A8E0D5800E053EA /* RequestCategory.swift in Sources */ = {isa = PBXBuildFile; fileRef = 78E5831D2A8E0D5800E053EA /* RequestCategory.swift */; };
		78E583222A8E0DEA00E053EA /* RequestType.swift in Sources */ = {isa = PBXBuildFile; fileRef = 78E583202A8E0DEA00E053EA /* RequestType.swift */; };
		78E583232A8E0DEA00E053EA /* RequestProtocol.swift in Sources */ = {isa = PBXBuildFile; fileRef = 78E583212A8E0DEA00E053EA /* RequestProtocol.swift */; };
		78E583252A8E0E0900E053EA /* APIConstants.swift in Sources */ = {isa = PBXBuildFile; fileRef = 78E583242A8E0E0900E053EA /* APIConstants.swift */; };
		78E583272A8E1B1900E053EA /* CategoriesViewController.swift in Sources */ = {isa = PBXBuildFile; fileRef = 78E583262A8E1B1900E053EA /* CategoriesViewController.swift */; };
		78E5832A2A8E1BAB00E053EA /* Kingfisher in Frameworks */ = {isa = PBXBuildFile; productRef = 78E583292A8E1BAB00E053EA /* Kingfisher */; };
		78E5832C2A8E1CB200E053EA /* CategoryViewCell.swift in Sources */ = {isa = PBXBuildFile; fileRef = 78E5832B2A8E1CB200E053EA /* CategoryViewCell.swift */; };
		78E583302A8E31C000E053EA /* CategoriesViewFlowLayout.swift in Sources */ = {isa = PBXBuildFile; fileRef = 78E5832F2A8E31C000E053EA /* CategoriesViewFlowLayout.swift */; };
		78E583342A8E467E00E053EA /* Montserrat-Regular.ttf in Resources */ = {isa = PBXBuildFile; fileRef = 78E583322A8E467E00E053EA /* Montserrat-Regular.ttf */; };
		78E583352A8E467E00E053EA /* GE Dinar One Medium.ttf in Resources */ = {isa = PBXBuildFile; fileRef = 78E583332A8E467E00E053EA /* GE Dinar One Medium.ttf */; };
		78E583372A8E48DD00E053EA /* Extension++UIViewController.swift in Sources */ = {isa = PBXBuildFile; fileRef = 78E583362A8E48DD00E053EA /* Extension++UIViewController.swift */; };
		78E5833C2A8E4B3900E053EA /* Localizable.strings in Resources */ = {isa = PBXBuildFile; fileRef = 78E5833E2A8E4B3900E053EA /* Localizable.strings */; };
		78E583412A8E578400E053EA /* Extension++UITraitCollection.swift in Sources */ = {isa = PBXBuildFile; fileRef = 78E583402A8E578400E053EA /* Extension++UITraitCollection.swift */; };
/* End PBXBuildFile section */

/* Begin PBXFileReference section */
		78BE3D6F2A8EC3E700E73E7B /* Constants.swift */ = {isa = PBXFileReference; lastKnownFileType = sourcecode.swift; path = Constants.swift; sourceTree = "<group>"; };
		78BE3D712A8F761C00E73E7B /* Extension++Foundation.swift */ = {isa = PBXFileReference; lastKnownFileType = sourcecode.swift; path = "Extension++Foundation.swift"; sourceTree = "<group>"; };
		78E582F82A8DFE5E00E053EA /* openSouq.app */ = {isa = PBXFileReference; explicitFileType = wrapper.application; includeInIndex = 0; path = openSouq.app; sourceTree = BUILT_PRODUCTS_DIR; };
		78E582FB2A8DFE5E00E053EA /* AppDelegate.swift */ = {isa = PBXFileReference; lastKnownFileType = sourcecode.swift; path = AppDelegate.swift; sourceTree = "<group>"; };
		78E582FD2A8DFE5E00E053EA /* SceneDelegate.swift */ = {isa = PBXFileReference; lastKnownFileType = sourcecode.swift; path = SceneDelegate.swift; sourceTree = "<group>"; };
		78E583022A8DFE5E00E053EA /* Base */ = {isa = PBXFileReference; lastKnownFileType = file.storyboard; name = Base; path = Base.lproj/Main.storyboard; sourceTree = "<group>"; };
		78E583042A8DFE5F00E053EA /* Assets.xcassets */ = {isa = PBXFileReference; lastKnownFileType = folder.assetcatalog; path = Assets.xcassets; sourceTree = "<group>"; };
		78E583072A8DFE5F00E053EA /* Base */ = {isa = PBXFileReference; lastKnownFileType = file.storyboard; name = Base; path = Base.lproj/LaunchScreen.storyboard; sourceTree = "<group>"; };
		78E583092A8DFE5F00E053EA /* Info.plist */ = {isa = PBXFileReference; lastKnownFileType = text.plist.xml; path = Info.plist; sourceTree = "<group>"; };
		78E583122A8DFF9300E053EA /* Category.swift */ = {isa = PBXFileReference; lastKnownFileType = sourcecode.swift; path = Category.swift; sourceTree = "<group>"; };
		78E583142A8E019C00E053EA /* APIManager.swift */ = {isa = PBXFileReference; lastKnownFileType = sourcecode.swift; path = APIManager.swift; sourceTree = "<group>"; };
		78E583162A8E065200E053EA /* DataParser.swift */ = {isa = PBXFileReference; lastKnownFileType = sourcecode.swift; path = DataParser.swift; sourceTree = "<group>"; };
		78E583182A8E07B600E053EA /* NetworkError.swift */ = {isa = PBXFileReference; lastKnownFileType = sourcecode.swift; path = NetworkError.swift; sourceTree = "<group>"; };
		78E5831A2A8E087F00E053EA /* RequestManager.swift */ = {isa = PBXFileReference; lastKnownFileType = sourcecode.swift; path = RequestManager.swift; sourceTree = "<group>"; };
		78E5831D2A8E0D5800E053EA /* RequestCategory.swift */ = {isa = PBXFileReference; lastKnownFileType = sourcecode.swift; path = RequestCategory.swift; sourceTree = "<group>"; };
		78E583202A8E0DEA00E053EA /* RequestType.swift */ = {isa = PBXFileReference; fileEncoding = 4; lastKnownFileType = sourcecode.swift; path = RequestType.swift; sourceTree = "<group>"; };
		78E583212A8E0DEA00E053EA /* RequestProtocol.swift */ = {isa = PBXFileReference; fileEncoding = 4; lastKnownFileType = sourcecode.swift; path = RequestProtocol.swift; sourceTree = "<group>"; };
		78E583242A8E0E0900E053EA /* APIConstants.swift */ = {isa = PBXFileReference; fileEncoding = 4; lastKnownFileType = sourcecode.swift; path = APIConstants.swift; sourceTree = "<group>"; };
		78E583262A8E1B1900E053EA /* CategoriesViewController.swift */ = {isa = PBXFileReference; lastKnownFileType = sourcecode.swift; path = CategoriesViewController.swift; sourceTree = "<group>"; };
		78E5832B2A8E1CB200E053EA /* CategoryViewCell.swift */ = {isa = PBXFileReference; lastKnownFileType = sourcecode.swift; path = CategoryViewCell.swift; sourceTree = "<group>"; };
		78E5832F2A8E31C000E053EA /* CategoriesViewFlowLayout.swift */ = {isa = PBXFileReference; lastKnownFileType = sourcecode.swift; path = CategoriesViewFlowLayout.swift; sourceTree = "<group>"; };
		78E583322A8E467E00E053EA /* Montserrat-Regular.ttf */ = {isa = PBXFileReference; lastKnownFileType = file; path = "Montserrat-Regular.ttf"; sourceTree = "<group>"; };
		78E583332A8E467E00E053EA /* GE Dinar One Medium.ttf */ = {isa = PBXFileReference; lastKnownFileType = file; path = "GE Dinar One Medium.ttf"; sourceTree = "<group>"; };
		78E583362A8E48DD00E053EA /* Extension++UIViewController.swift */ = {isa = PBXFileReference; lastKnownFileType = sourcecode.swift; path = "Extension++UIViewController.swift"; sourceTree = "<group>"; };
		78E583382A8E4B0900E053EA /* ar */ = {isa = PBXFileReference; lastKnownFileType = text.plist.strings; name = ar; path = ar.lproj/Main.strings; sourceTree = "<group>"; };
		78E583392A8E4B0900E053EA /* ar */ = {isa = PBXFileReference; lastKnownFileType = text.plist.strings; name = ar; path = ar.lproj/LaunchScreen.strings; sourceTree = "<group>"; };
		78E5833D2A8E4B3900E053EA /* ar */ = {isa = PBXFileReference; lastKnownFileType = text.plist.strings; name = ar; path = ar.lproj/Localizable.strings; sourceTree = "<group>"; };
		78E5833F2A8E4B3C00E053EA /* en */ = {isa = PBXFileReference; lastKnownFileType = text.plist.strings; name = en; path = en.lproj/Localizable.strings; sourceTree = "<group>"; };
		78E583402A8E578400E053EA /* Extension++UITraitCollection.swift */ = {isa = PBXFileReference; lastKnownFileType = sourcecode.swift; path = "Extension++UITraitCollection.swift"; sourceTree = "<group>"; };
/* End PBXFileReference section */

/* Begin PBXFrameworksBuildPhase section */
		78E582F52A8DFE5E00E053EA /* Frameworks */ = {
			isa = PBXFrameworksBuildPhase;
			buildActionMask = 2147483647;
			files = (
				78E5832A2A8E1BAB00E053EA /* Kingfisher in Frameworks */,
			);
			runOnlyForDeploymentPostprocessing = 0;
		};
/* End PBXFrameworksBuildPhase section */

/* Begin PBXGroup section */
		78E582EF2A8DFE5E00E053EA = {
			isa = PBXGroup;
			children = (
				78E582FA2A8DFE5E00E053EA /* openSouq */,
				78E582F92A8DFE5E00E053EA /* Products */,
			);
			sourceTree = "<group>";
		};
		78E582F92A8DFE5E00E053EA /* Products */ = {
			isa = PBXGroup;
			children = (
				78E582F82A8DFE5E00E053EA /* openSouq.app */,
			);
			name = Products;
			sourceTree = "<group>";
		};
		78E582FA2A8DFE5E00E053EA /* openSouq */ = {
			isa = PBXGroup;
			children = (
				78E583262A8E1B1900E053EA /* CategoriesViewController.swift */,
				78BE3D6F2A8EC3E700E73E7B /* Constants.swift */,
				78E5832F2A8E31C000E053EA /* CategoriesViewFlowLayout.swift */,
				78E5832B2A8E1CB200E053EA /* CategoryViewCell.swift */,
				78E583122A8DFF9300E053EA /* Category.swift */,
				78E583012A8DFE5E00E053EA /* Main.storyboard */,
				78E583042A8DFE5F00E053EA /* Assets.xcassets */,
				78E583092A8DFE5F00E053EA /* Info.plist */,
				78E583422A8E5AF500E053EA /* Extensions */,
				78E5831C2A8E094E00E053EA /* API */,
				78E583312A8E465D00E053EA /* Fonts */,
				78E5830F2A8DFEA100E053EA /* supporting files */,
			);
			path = openSouq;
			sourceTree = "<group>";
		};
		78E5830F2A8DFEA100E053EA /* supporting files */ = {
			isa = PBXGroup;
			children = (
				78E5833E2A8E4B3900E053EA /* Localizable.strings */,
				78E582FB2A8DFE5E00E053EA /* AppDelegate.swift */,
				78E582FD2A8DFE5E00E053EA /* SceneDelegate.swift */,
				78E583062A8DFE5F00E053EA /* LaunchScreen.storyboard */,
			);
			path = "supporting files";
			sourceTree = "<group>";
		};
		78E5831C2A8E094E00E053EA /* API */ = {
			isa = PBXGroup;
			children = (
				78E5831F2A8E0DD900E053EA /* request */,
				78E583142A8E019C00E053EA /* APIManager.swift */,
				78E583162A8E065200E053EA /* DataParser.swift */,
				78E5831A2A8E087F00E053EA /* RequestManager.swift */,
				78E583182A8E07B600E053EA /* NetworkError.swift */,
			);
			path = API;
			sourceTree = "<group>";
		};
		78E5831F2A8E0DD900E053EA /* request */ = {
			isa = PBXGroup;
			children = (
				78E583242A8E0E0900E053EA /* APIConstants.swift */,
				78E583212A8E0DEA00E053EA /* RequestProtocol.swift */,
				78E583202A8E0DEA00E053EA /* RequestType.swift */,
				78E5831D2A8E0D5800E053EA /* RequestCategory.swift */,
			);
			path = request;
			sourceTree = "<group>";
		};
		78E583312A8E465D00E053EA /* Fonts */ = {
			isa = PBXGroup;
			children = (
				78E583332A8E467E00E053EA /* GE Dinar One Medium.ttf */,
				78E583322A8E467E00E053EA /* Montserrat-Regular.ttf */,
			);
			path = Fonts;
			sourceTree = "<group>";
		};
		78E583422A8E5AF500E053EA /* Extensions */ = {
			isa = PBXGroup;
			children = (
				78E583402A8E578400E053EA /* Extension++UITraitCollection.swift */,
				78E583362A8E48DD00E053EA /* Extension++UIViewController.swift */,
				78BE3D712A8F761C00E73E7B /* Extension++Foundation.swift */,
			);
			path = Extensions;
			sourceTree = "<group>";
		};
/* End PBXGroup section */

/* Begin PBXNativeTarget section */
		78E582F72A8DFE5E00E053EA /* openSouq */ = {
			isa = PBXNativeTarget;
			buildConfigurationList = 78E5830C2A8DFE5F00E053EA /* Build configuration list for PBXNativeTarget "openSouq" */;
			buildPhases = (
				78E582F42A8DFE5E00E053EA /* Sources */,
				78E582F52A8DFE5E00E053EA /* Frameworks */,
				78E582F62A8DFE5E00E053EA /* Resources */,
			);
			buildRules = (
			);
			dependencies = (
			);
			name = openSouq;
			packageProductDependencies = (
				78E583292A8E1BAB00E053EA /* Kingfisher */,
			);
			productName = openSouq;
			productReference = 78E582F82A8DFE5E00E053EA /* openSouq.app */;
			productType = "com.apple.product-type.application";
		};
/* End PBXNativeTarget section */

/* Begin PBXProject section */
		78E582F02A8DFE5E00E053EA /* Project object */ = {
			isa = PBXProject;
			attributes = {
				BuildIndependentTargetsInParallel = 1;
				LastSwiftUpdateCheck = 1430;
				LastUpgradeCheck = 1430;
				TargetAttributes = {
					78E582F72A8DFE5E00E053EA = {
						CreatedOnToolsVersion = 14.3.1;
					};
				};
			};
			buildConfigurationList = 78E582F32A8DFE5E00E053EA /* Build configuration list for PBXProject "openSouq" */;
			compatibilityVersion = "Xcode 14.0";
			developmentRegion = en;
			hasScannedForEncodings = 0;
			knownRegions = (
				en,
				Base,
				ar,
			);
			mainGroup = 78E582EF2A8DFE5E00E053EA;
			packageReferences = (
				78E583282A8E1BAB00E053EA /* XCRemoteSwiftPackageReference "Kingfisher" */,
			);
			productRefGroup = 78E582F92A8DFE5E00E053EA /* Products */;
			projectDirPath = "";
			projectRoot = "";
			targets = (
				78E582F72A8DFE5E00E053EA /* openSouq */,
			);
		};
/* End PBXProject section */

/* Begin PBXResourcesBuildPhase section */
		78E582F62A8DFE5E00E053EA /* Resources */ = {
			isa = PBXResourcesBuildPhase;
			buildActionMask = 2147483647;
			files = (
				78E583352A8E467E00E053EA /* GE Dinar One Medium.ttf in Resources */,
				78E5833C2A8E4B3900E053EA /* Localizable.strings in Resources */,
				78E583342A8E467E00E053EA /* Montserrat-Regular.ttf in Resources */,
				78E583082A8DFE5F00E053EA /* LaunchScreen.storyboard in Resources */,
				78E583052A8DFE5F00E053EA /* Assets.xcassets in Resources */,
				78E583032A8DFE5E00E053EA /* Main.storyboard in Resources */,
			);
			runOnlyForDeploymentPostprocessing = 0;
		};
/* End PBXResourcesBuildPhase section */

/* Begin PBXSourcesBuildPhase section */
		78E582F42A8DFE5E00E053EA /* Sources */ = {
			isa = PBXSourcesBuildPhase;
			buildActionMask = 2147483647;
			files = (
				78E583372A8E48DD00E053EA /* Extension++UIViewController.swift in Sources */,
				78BE3D702A8EC3E800E73E7B /* Constants.swift in Sources */,
				78E583302A8E31C000E053EA /* CategoriesViewFlowLayout.swift in Sources */,
				78E583272A8E1B1900E053EA /* CategoriesViewController.swift in Sources */,
				78E583152A8E019C00E053EA /* APIManager.swift in Sources */,
				78E583192A8E07B600E053EA /* NetworkError.swift in Sources */,
				78E583252A8E0E0900E053EA /* APIConstants.swift in Sources */,
				78E583412A8E578400E053EA /* Extension++UITraitCollection.swift in Sources */,
				78E583232A8E0DEA00E053EA /* RequestProtocol.swift in Sources */,
				78E5832C2A8E1CB200E053EA /* CategoryViewCell.swift in Sources */,
				78E583132A8DFF9300E053EA /* Category.swift in Sources */,
				78E582FC2A8DFE5E00E053EA /* AppDelegate.swift in Sources */,
				78E5831B2A8E087F00E053EA /* RequestManager.swift in Sources */,
				78E5831E2A8E0D5800E053EA /* RequestCategory.swift in Sources */,
				78BE3D722A8F761D00E73E7B /* Extension++Foundation.swift in Sources */,
				78E583222A8E0DEA00E053EA /* RequestType.swift in Sources */,
				78E583172A8E065200E053EA /* DataParser.swift in Sources */,
				78E582FE2A8DFE5E00E053EA /* SceneDelegate.swift in Sources */,
			);
			runOnlyForDeploymentPostprocessing = 0;
		};
/* End PBXSourcesBuildPhase section */

/* Begin PBXVariantGroup section */
		78E583012A8DFE5E00E053EA /* Main.storyboard */ = {
			isa = PBXVariantGroup;
			children = (
				78E583022A8DFE5E00E053EA /* Base */,
				78E583382A8E4B0900E053EA /* ar */,
			);
			name = Main.storyboard;
			sourceTree = "<group>";
		};
		78E583062A8DFE5F00E053EA /* LaunchScreen.storyboard */ = {
			isa = PBXVariantGroup;
			children = (
				78E583072A8DFE5F00E053EA /* Base */,
				78E583392A8E4B0900E053EA /* ar */,
			);
			name = LaunchScreen.storyboard;
			sourceTree = "<group>";
		};
		78E5833E2A8E4B3900E053EA /* Localizable.strings */ = {
			isa = PBXVariantGroup;
			children = (
				78E5833D2A8E4B3900E053EA /* ar */,
				78E5833F2A8E4B3C00E053EA /* en */,
			);
			name = Localizable.strings;
			sourceTree = "<group>";
		};
/* End PBXVariantGroup section */

/* Begin XCBuildConfiguration section */
		78E5830A2A8DFE5F00E053EA /* Debug */ = {
			isa = XCBuildConfiguration;
			buildSettings = {
				ALWAYS_SEARCH_USER_PATHS = NO;
				CLANG_ANALYZER_LOCALIZABILITY_NONLOCALIZED = YES;
				CLANG_ANALYZER_NONNULL = YES;
				CLANG_ANALYZER_NUMBER_OBJECT_CONVERSION = YES_AGGRESSIVE;
				CLANG_CXX_LANGUAGE_STANDARD = "gnu++20";
				CLANG_ENABLE_MODULES = YES;
				CLANG_ENABLE_OBJC_ARC = YES;
				CLANG_ENABLE_OBJC_WEAK = YES;
				CLANG_WARN_BLOCK_CAPTURE_AUTORELEASING = YES;
				CLANG_WARN_BOOL_CONVERSION = YES;
				CLANG_WARN_COMMA = YES;
				CLANG_WARN_CONSTANT_CONVERSION = YES;
				CLANG_WARN_DEPRECATED_OBJC_IMPLEMENTATIONS = YES;
				CLANG_WARN_DIRECT_OBJC_ISA_USAGE = YES_ERROR;
				CLANG_WARN_DOCUMENTATION_COMMENTS = YES;
				CLANG_WARN_EMPTY_BODY = YES;
				CLANG_WARN_ENUM_CONVERSION = YES;
				CLANG_WARN_INFINITE_RECURSION = YES;
				CLANG_WARN_INT_CONVERSION = YES;
				CLANG_WARN_NON_LITERAL_NULL_CONVERSION = YES;
				CLANG_WARN_OBJC_IMPLICIT_RETAIN_SELF = YES;
				CLANG_WARN_OBJC_LITERAL_CONVERSION = YES;
				CLANG_WARN_OBJC_ROOT_CLASS = YES_ERROR;
				CLANG_WARN_QUOTED_INCLUDE_IN_FRAMEWORK_HEADER = YES;
				CLANG_WARN_RANGE_LOOP_ANALYSIS = YES;
				CLANG_WARN_STRICT_PROTOTYPES = YES;
				CLANG_WARN_SUSPICIOUS_MOVE = YES;
				CLANG_WARN_UNGUARDED_AVAILABILITY = YES_AGGRESSIVE;
				CLANG_WARN_UNREACHABLE_CODE = YES;
				CLANG_WARN__DUPLICATE_METHOD_MATCH = YES;
				COPY_PHASE_STRIP = NO;
				DEBUG_INFORMATION_FORMAT = dwarf;
				ENABLE_STRICT_OBJC_MSGSEND = YES;
				ENABLE_TESTABILITY = YES;
				GCC_C_LANGUAGE_STANDARD = gnu11;
				GCC_DYNAMIC_NO_PIC = NO;
				GCC_NO_COMMON_BLOCKS = YES;
				GCC_OPTIMIZATION_LEVEL = 0;
				GCC_PREPROCESSOR_DEFINITIONS = (
					"DEBUG=1",
					"$(inherited)",
				);
				GCC_WARN_64_TO_32_BIT_CONVERSION = YES;
				GCC_WARN_ABOUT_RETURN_TYPE = YES_ERROR;
				GCC_WARN_UNDECLARED_SELECTOR = YES;
				GCC_WARN_UNINITIALIZED_AUTOS = YES_AGGRESSIVE;
				GCC_WARN_UNUSED_FUNCTION = YES;
				GCC_WARN_UNUSED_VARIABLE = YES;
				IPHONEOS_DEPLOYMENT_TARGET = 16.4;
				MTL_ENABLE_DEBUG_INFO = INCLUDE_SOURCE;
				MTL_FAST_MATH = YES;
				ONLY_ACTIVE_ARCH = YES;
				SDKROOT = iphoneos;
				SWIFT_ACTIVE_COMPILATION_CONDITIONS = DEBUG;
				SWIFT_OPTIMIZATION_LEVEL = "-Onone";
			};
			name = Debug;
		};
		78E5830B2A8DFE5F00E053EA /* Release */ = {
			isa = XCBuildConfiguration;
			buildSettings = {
				ALWAYS_SEARCH_USER_PATHS = NO;
				CLANG_ANALYZER_LOCALIZABILITY_NONLOCALIZED = YES;
				CLANG_ANALYZER_NONNULL = YES;
				CLANG_ANALYZER_NUMBER_OBJECT_CONVERSION = YES_AGGRESSIVE;
				CLANG_CXX_LANGUAGE_STANDARD = "gnu++20";
				CLANG_ENABLE_MODULES = YES;
				CLANG_ENABLE_OBJC_ARC = YES;
				CLANG_ENABLE_OBJC_WEAK = YES;
				CLANG_WARN_BLOCK_CAPTURE_AUTORELEASING = YES;
				CLANG_WARN_BOOL_CONVERSION = YES;
				CLANG_WARN_COMMA = YES;
				CLANG_WARN_CONSTANT_CONVERSION = YES;
				CLANG_WARN_DEPRECATED_OBJC_IMPLEMENTATIONS = YES;
				CLANG_WARN_DIRECT_OBJC_ISA_USAGE = YES_ERROR;
				CLANG_WARN_DOCUMENTATION_COMMENTS = YES;
				CLANG_WARN_EMPTY_BODY = YES;
				CLANG_WARN_ENUM_CONVERSION = YES;
				CLANG_WARN_INFINITE_RECURSION = YES;
				CLANG_WARN_INT_CONVERSION = YES;
				CLANG_WARN_NON_LITERAL_NULL_CONVERSION = YES;
				CLANG_WARN_OBJC_IMPLICIT_RETAIN_SELF = YES;
				CLANG_WARN_OBJC_LITERAL_CONVERSION = YES;
				CLANG_WARN_OBJC_ROOT_CLASS = YES_ERROR;
				CLANG_WARN_QUOTED_INCLUDE_IN_FRAMEWORK_HEADER = YES;
				CLANG_WARN_RANGE_LOOP_ANALYSIS = YES;
				CLANG_WARN_STRICT_PROTOTYPES = YES;
				CLANG_WARN_SUSPICIOUS_MOVE = YES;
				CLANG_WARN_UNGUARDED_AVAILABILITY = YES_AGGRESSIVE;
				CLANG_WARN_UNREACHABLE_CODE = YES;
				CLANG_WARN__DUPLICATE_METHOD_MATCH = YES;
				COPY_PHASE_STRIP = NO;
				DEBUG_INFORMATION_FORMAT = "dwarf-with-dsym";
				ENABLE_NS_ASSERTIONS = NO;
				ENABLE_STRICT_OBJC_MSGSEND = YES;
				GCC_C_LANGUAGE_STANDARD = gnu11;
				GCC_NO_COMMON_BLOCKS = YES;
				GCC_WARN_64_TO_32_BIT_CONVERSION = YES;
				GCC_WARN_ABOUT_RETURN_TYPE = YES_ERROR;
				GCC_WARN_UNDECLARED_SELECTOR = YES;
				GCC_WARN_UNINITIALIZED_AUTOS = YES_AGGRESSIVE;
				GCC_WARN_UNUSED_FUNCTION = YES;
				GCC_WARN_UNUSED_VARIABLE = YES;
				IPHONEOS_DEPLOYMENT_TARGET = 16.4;
				MTL_ENABLE_DEBUG_INFO = NO;
				MTL_FAST_MATH = YES;
				SDKROOT = iphoneos;
				SWIFT_COMPILATION_MODE = wholemodule;
				SWIFT_OPTIMIZATION_LEVEL = "-O";
				VALIDATE_PRODUCT = YES;
			};
			name = Release;
		};
		78E5830D2A8DFE5F00E053EA /* Debug */ = {
			isa = XCBuildConfiguration;
			buildSettings = {
				ASSETCATALOG_COMPILER_APPICON_NAME = AppIcon;
				ASSETCATALOG_COMPILER_GLOBAL_ACCENT_COLOR_NAME = AccentColor;
				CODE_SIGN_STYLE = Automatic;
				CURRENT_PROJECT_VERSION = 1;
				DEVELOPMENT_TEAM = SL788Y2E33;
				GENERATE_INFOPLIST_FILE = YES;
				INFOPLIST_FILE = openSouq/Info.plist;
				INFOPLIST_KEY_LSApplicationCategoryType = "public.app-category.business";
				INFOPLIST_KEY_UIApplicationSupportsIndirectInputEvents = YES;
				INFOPLIST_KEY_UILaunchStoryboardName = LaunchScreen;
				INFOPLIST_KEY_UIMainStoryboardFile = Main;
				INFOPLIST_KEY_UISupportedInterfaceOrientations = UIInterfaceOrientationPortrait;
				INFOPLIST_KEY_UISupportedInterfaceOrientations_iPad = "UIInterfaceOrientationLandscapeLeft UIInterfaceOrientationLandscapeRight UIInterfaceOrientationPortrait UIInterfaceOrientationPortraitUpsideDown";
				IPHONEOS_DEPLOYMENT_TARGET = 15.1;
				LD_RUNPATH_SEARCH_PATHS = (
					"$(inherited)",
					"@executable_path/Frameworks",
				);
				MARKETING_VERSION = 1.0;
				PRODUCT_BUNDLE_IDENTIFIER = com.niceApps.SideTest.openSouq;
				PRODUCT_NAME = "$(TARGET_NAME)";
				SWIFT_EMIT_LOC_STRINGS = YES;
				SWIFT_VERSION = 5.0;
				TARGETED_DEVICE_FAMILY = "1,2";
			};
			name = Debug;
		};
		78E5830E2A8DFE5F00E053EA /* Release */ = {
			isa = XCBuildConfiguration;
			buildSettings = {
				ASSETCATALOG_COMPILER_APPICON_NAME = AppIcon;
				ASSETCATALOG_COMPILER_GLOBAL_ACCENT_COLOR_NAME = AccentColor;
				CODE_SIGN_STYLE = Automatic;
				CURRENT_PROJECT_VERSION = 1;
				DEVELOPMENT_TEAM = SL788Y2E33;
				GENERATE_INFOPLIST_FILE = YES;
				INFOPLIST_FILE = openSouq/Info.plist;
				INFOPLIST_KEY_LSApplicationCategoryType = "public.app-category.business";
				INFOPLIST_KEY_UIApplicationSupportsIndirectInputEvents = YES;
				INFOPLIST_KEY_UILaunchStoryboardName = LaunchScreen;
				INFOPLIST_KEY_UIMainStoryboardFile = Main;
				INFOPLIST_KEY_UISupportedInterfaceOrientations = UIInterfaceOrientationPortrait;
				INFOPLIST_KEY_UISupportedInterfaceOrientations_iPad = "UIInterfaceOrientationLandscapeLeft UIInterfaceOrientationLandscapeRight UIInterfaceOrientationPortrait UIInterfaceOrientationPortraitUpsideDown";
				IPHONEOS_DEPLOYMENT_TARGET = 15.1;
				LD_RUNPATH_SEARCH_PATHS = (
					"$(inherited)",
					"@executable_path/Frameworks",
				);
				MARKETING_VERSION = 1.0;
				PRODUCT_BUNDLE_IDENTIFIER = com.niceApps.SideTest.openSouq;
				PRODUCT_NAME = "$(TARGET_NAME)";
				SWIFT_EMIT_LOC_STRINGS = YES;
				SWIFT_VERSION = 5.0;
				TARGETED_DEVICE_FAMILY = "1,2";
			};
			name = Release;
		};
/* End XCBuildConfiguration section */

/* Begin XCConfigurationList section */
		78E582F32A8DFE5E00E053EA /* Build configuration list for PBXProject "openSouq" */ = {
			isa = XCConfigurationList;
			buildConfigurations = (
				78E5830A2A8DFE5F00E053EA /* Debug */,
				78E5830B2A8DFE5F00E053EA /* Release */,
			);
			defaultConfigurationIsVisible = 0;
			defaultConfigurationName = Release;
		};
		78E5830C2A8DFE5F00E053EA /* Build configuration list for PBXNativeTarget "openSouq" */ = {
			isa = XCConfigurationList;
			buildConfigurations = (
				78E5830D2A8DFE5F00E053EA /* Debug */,
				78E5830E2A8DFE5F00E053EA /* Release */,
			);
			defaultConfigurationIsVisible = 0;
			defaultConfigurationName = Release;
		};
/* End XCConfigurationList section */

/* Begin XCRemoteSwiftPackageReference section */
		78E583282A8E1BAB00E053EA /* XCRemoteSwiftPackageReference "Kingfisher" */ = {
			isa = XCRemoteSwiftPackageReference;
			repositoryURL = "https://github.com/onevcat/Kingfisher.git";
			requirement = {
				kind = upToNextMajorVersion;
				minimumVersion = 7.0.0;
			};
		};
/* End XCRemoteSwiftPackageReference section */

/* Begin XCSwiftPackageProductDependency section */
		78E583292A8E1BAB00E053EA /* Kingfisher */ = {
			isa = XCSwiftPackageProductDependency;
			package = 78E583282A8E1BAB00E053EA /* XCRemoteSwiftPackageReference "Kingfisher" */;
			productName = Kingfisher;
		};
/* End XCSwiftPackageProductDependency section */
	};
	rootObject = 78E582F02A8DFE5E00E053EA /* Project object */;
}
